// !$*UTF8*$!
{
	archiveVersion = 1;
	classes = {
	};
	objectVersion = 50;
	objects = {

/* Begin PBXBuildFile section */
		D60CF09225B74A2300DC144E /* Game.swift in Sources */ = {isa = PBXBuildFile; fileRef = D60CF09125B74A2300DC144E /* Game.swift */; };
		D639DFE125BCBB3A009CFABF /* Captain.swift in Sources */ = {isa = PBXBuildFile; fileRef = D639DFE025BCBB3A009CFABF /* Captain.swift */; };
		D639DFE425BCBC28009CFABF /* Support.swift in Sources */ = {isa = PBXBuildFile; fileRef = D639DFE325BCBC28009CFABF /* Support.swift */; };
		D639DFE725BCC187009CFABF /* Grenade.swift in Sources */ = {isa = PBXBuildFile; fileRef = D639DFE625BCC187009CFABF /* Grenade.swift */; };
		D649F89425A683A3008BE6E5 /* main.swift in Sources */ = {isa = PBXBuildFile; fileRef = D649F89325A683A3008BE6E5 /* main.swift */; };
		D649F89C25A683DD008BE6E5 /* Character.swift in Sources */ = {isa = PBXBuildFile; fileRef = D649F89B25A683DD008BE6E5 /* Character.swift */; };
		D649F89F25A685F0008BE6E5 /* Weapon.swift in Sources */ = {isa = PBXBuildFile; fileRef = D649F89E25A685F0008BE6E5 /* Weapon.swift */; };
		D680EDA625AF168400810371 /* AssaultRifle.swift in Sources */ = {isa = PBXBuildFile; fileRef = D680EDA525AF168400810371 /* AssaultRifle.swift */; };
		D680EDAB25AF18B000810371 /* ShotGun.swift in Sources */ = {isa = PBXBuildFile; fileRef = D680EDAA25AF18B000810371 /* ShotGun.swift */; };
		D68A0FC825DF139800FCB319 /* Pen.swift in Sources */ = {isa = PBXBuildFile; fileRef = D68A0FC725DF139800FCB319 /* Pen.swift */; };
		D68A0FCC25DF164900FCB319 /* Sword.swift in Sources */ = {isa = PBXBuildFile; fileRef = D68A0FCB25DF164900FCB319 /* Sword.swift */; };
		D68A0FCF25DF17C700FCB319 /* MobilePhone.swift in Sources */ = {isa = PBXBuildFile; fileRef = D68A0FCE25DF17C700FCB319 /* MobilePhone.swift */; };
		D6AFF8B425ADC8380090AD65 /* SniperRifle.swift in Sources */ = {isa = PBXBuildFile; fileRef = D6AFF8B325ADC8380090AD65 /* SniperRifle.swift */; };
		D6AFF8B725ADC8510090AD65 /* Knife.swift in Sources */ = {isa = PBXBuildFile; fileRef = D6AFF8B625ADC8510090AD65 /* Knife.swift */; };
		D6AFF8BA25ADC86B0090AD65 /* HandGun.swift in Sources */ = {isa = PBXBuildFile; fileRef = D6AFF8B925ADC86B0090AD65 /* HandGun.swift */; };
		D6AFF8C425ADD1C30090AD65 /* Medic.swift in Sources */ = {isa = PBXBuildFile; fileRef = D6AFF8C325ADD1C30090AD65 /* Medic.swift */; };
		D6AFF8C725ADD1D80090AD65 /* Sniper.swift in Sources */ = {isa = PBXBuildFile; fileRef = D6AFF8C625ADD1D80090AD65 /* Sniper.swift */; };
		D6AFF8CA25ADD1EA0090AD65 /* AssaultSoldier.swift in Sources */ = {isa = PBXBuildFile; fileRef = D6AFF8C925ADD1EA0090AD65 /* AssaultSoldier.swift */; };
		D6F292AA25A7653B00222D92 /* Player.swift in Sources */ = {isa = PBXBuildFile; fileRef = D6F292A925A7653B00222D92 /* Player.swift */; };
		D6F292B025A76ADA00222D92 /* GameOver.swift in Sources */ = {isa = PBXBuildFile; fileRef = D6F292AF25A76ADA00222D92 /* GameOver.swift */; };
		D6F292B325A76D4700222D92 /* RandomBox.swift in Sources */ = {isa = PBXBuildFile; fileRef = D6F292B225A76D4700222D92 /* RandomBox.swift */; };
/* End PBXBuildFile section */

/* Begin PBXCopyFilesBuildPhase section */
		D649F88E25A683A3008BE6E5 /* CopyFiles */ = {
			isa = PBXCopyFilesBuildPhase;
			buildActionMask = 2147483647;
			dstPath = /usr/share/man/man1/;
			dstSubfolderSpec = 0;
			files = (
			);
			runOnlyForDeploymentPostprocessing = 1;
		};
/* End PBXCopyFilesBuildPhase section */

/* Begin PBXFileReference section */
		D60CF09125B74A2300DC144E /* Game.swift */ = {isa = PBXFileReference; lastKnownFileType = sourcecode.swift; path = Game.swift; sourceTree = "<group>"; };
		D639DFE025BCBB3A009CFABF /* Captain.swift */ = {isa = PBXFileReference; lastKnownFileType = sourcecode.swift; path = Captain.swift; sourceTree = "<group>"; };
		D639DFE325BCBC28009CFABF /* Support.swift */ = {isa = PBXFileReference; lastKnownFileType = sourcecode.swift; path = Support.swift; sourceTree = "<group>"; };
		D639DFE625BCC187009CFABF /* Grenade.swift */ = {isa = PBXFileReference; lastKnownFileType = sourcecode.swift; path = Grenade.swift; sourceTree = "<group>"; };
		D649F89025A683A3008BE6E5 /* Fight Game (P3) */ = {isa = PBXFileReference; explicitFileType = "compiled.mach-o.executable"; includeInIndex = 0; path = "Fight Game (P3)"; sourceTree = BUILT_PRODUCTS_DIR; };
		D649F89325A683A3008BE6E5 /* main.swift */ = {isa = PBXFileReference; lastKnownFileType = sourcecode.swift; path = main.swift; sourceTree = "<group>"; };
		D649F89B25A683DD008BE6E5 /* Character.swift */ = {isa = PBXFileReference; lastKnownFileType = sourcecode.swift; path = Character.swift; sourceTree = "<group>"; };
		D649F89E25A685F0008BE6E5 /* Weapon.swift */ = {isa = PBXFileReference; lastKnownFileType = sourcecode.swift; path = Weapon.swift; sourceTree = "<group>"; };
		D680EDA525AF168400810371 /* AssaultRifle.swift */ = {isa = PBXFileReference; lastKnownFileType = sourcecode.swift; path = AssaultRifle.swift; sourceTree = "<group>"; };
		D680EDAA25AF18B000810371 /* ShotGun.swift */ = {isa = PBXFileReference; lastKnownFileType = sourcecode.swift; path = ShotGun.swift; sourceTree = "<group>"; };
		D68A0FC725DF139800FCB319 /* Pen.swift */ = {isa = PBXFileReference; lastKnownFileType = sourcecode.swift; path = Pen.swift; sourceTree = "<group>"; };
		D68A0FCB25DF164900FCB319 /* Sword.swift */ = {isa = PBXFileReference; lastKnownFileType = sourcecode.swift; path = Sword.swift; sourceTree = "<group>"; };
		D68A0FCE25DF17C700FCB319 /* MobilePhone.swift */ = {isa = PBXFileReference; lastKnownFileType = sourcecode.swift; path = MobilePhone.swift; sourceTree = "<group>"; };
		D6AFF8B325ADC8380090AD65 /* SniperRifle.swift */ = {isa = PBXFileReference; lastKnownFileType = sourcecode.swift; path = SniperRifle.swift; sourceTree = "<group>"; };
		D6AFF8B625ADC8510090AD65 /* Knife.swift */ = {isa = PBXFileReference; lastKnownFileType = sourcecode.swift; path = Knife.swift; sourceTree = "<group>"; };
		D6AFF8B925ADC86B0090AD65 /* HandGun.swift */ = {isa = PBXFileReference; lastKnownFileType = sourcecode.swift; path = HandGun.swift; sourceTree = "<group>"; };
		D6AFF8C325ADD1C30090AD65 /* Medic.swift */ = {isa = PBXFileReference; lastKnownFileType = sourcecode.swift; path = Medic.swift; sourceTree = "<group>"; };
		D6AFF8C625ADD1D80090AD65 /* Sniper.swift */ = {isa = PBXFileReference; lastKnownFileType = sourcecode.swift; path = Sniper.swift; sourceTree = "<group>"; };
		D6AFF8C925ADD1EA0090AD65 /* AssaultSoldier.swift */ = {isa = PBXFileReference; lastKnownFileType = sourcecode.swift; path = AssaultSoldier.swift; sourceTree = "<group>"; };
		D6F292A925A7653B00222D92 /* Player.swift */ = {isa = PBXFileReference; lastKnownFileType = sourcecode.swift; path = Player.swift; sourceTree = "<group>"; };
		D6F292AF25A76ADA00222D92 /* GameOver.swift */ = {isa = PBXFileReference; lastKnownFileType = sourcecode.swift; path = GameOver.swift; sourceTree = "<group>"; };
		D6F292B225A76D4700222D92 /* RandomBox.swift */ = {isa = PBXFileReference; lastKnownFileType = sourcecode.swift; path = RandomBox.swift; sourceTree = "<group>"; };
/* End PBXFileReference section */

/* Begin PBXFrameworksBuildPhase section */
		D649F88D25A683A3008BE6E5 /* Frameworks */ = {
			isa = PBXFrameworksBuildPhase;
			buildActionMask = 2147483647;
			files = (
			);
			runOnlyForDeploymentPostprocessing = 0;
		};
/* End PBXFrameworksBuildPhase section */

/* Begin PBXGroup section */
		D649F88725A683A3008BE6E5 = {
			isa = PBXGroup;
			children = (
				D649F89225A683A3008BE6E5 /* Fight Game (P3) */,
				D649F89125A683A3008BE6E5 /* Products */,
			);
			sourceTree = "<group>";
		};
		D649F89125A683A3008BE6E5 /* Products */ = {
			isa = PBXGroup;
			children = (
				D649F89025A683A3008BE6E5 /* Fight Game (P3) */,
			);
			name = Products;
			sourceTree = "<group>";
		};
		D649F89225A683A3008BE6E5 /* Fight Game (P3) */ = {
			isa = PBXGroup;
			children = (
				D649F89325A683A3008BE6E5 /* main.swift */,
				D60CF09125B74A2300DC144E /* Game.swift */,
				D6F292A925A7653B00222D92 /* Player.swift */,
				D6F292B225A76D4700222D92 /* RandomBox.swift */,
				D6F292AF25A76ADA00222D92 /* GameOver.swift */,
				D666F4A225AA18EE00D74ADA /* Character */,
				D666F4A325AA192200D74ADA /* Weapon */,
				D68A0FC425DF126F00FCB319 /* RandomWeapons */,
			);
			path = "Fight Game (P3)";
			sourceTree = "<group>";
		};
		D666F4A225AA18EE00D74ADA /* Character */ = {
			isa = PBXGroup;
			children = (
				D649F89B25A683DD008BE6E5 /* Character.swift */,
				D6AFF8C325ADD1C30090AD65 /* Medic.swift */,
				D6AFF8C625ADD1D80090AD65 /* Sniper.swift */,
				D6AFF8C925ADD1EA0090AD65 /* AssaultSoldier.swift */,
				D639DFE025BCBB3A009CFABF /* Captain.swift */,
				D639DFE325BCBC28009CFABF /* Support.swift */,
			);
			path = Character;
			sourceTree = "<group>";
		};
		D666F4A325AA192200D74ADA /* Weapon */ = {
			isa = PBXGroup;
			children = (
				D649F89E25A685F0008BE6E5 /* Weapon.swift */,
				D6AFF8B325ADC8380090AD65 /* SniperRifle.swift */,
				D680EDA525AF168400810371 /* AssaultRifle.swift */,
				D6AFF8B925ADC86B0090AD65 /* HandGun.swift */,
				D6AFF8B625ADC8510090AD65 /* Knife.swift */,
			);
			path = Weapon;
			sourceTree = "<group>";
		};
		D68A0FC425DF126F00FCB319 /* RandomWeapons */ = {
			isa = PBXGroup;
			children = (
				D639DFE625BCC187009CFABF /* Grenade.swift */,
				D680EDAA25AF18B000810371 /* ShotGun.swift */,
				D68A0FC725DF139800FCB319 /* Pen.swift */,
				D68A0FCB25DF164900FCB319 /* Sword.swift */,
				D68A0FCE25DF17C700FCB319 /* MobilePhone.swift */,
			);
			path = RandomWeapons;
			sourceTree = "<group>";
		};
/* End PBXGroup section */

/* Begin PBXNativeTarget section */
		D649F88F25A683A3008BE6E5 /* Fight Game (P3) */ = {
			isa = PBXNativeTarget;
			buildConfigurationList = D649F89725A683A3008BE6E5 /* Build configuration list for PBXNativeTarget "Fight Game (P3)" */;
			buildPhases = (
				D649F88C25A683A3008BE6E5 /* Sources */,
				D649F88D25A683A3008BE6E5 /* Frameworks */,
				D649F88E25A683A3008BE6E5 /* CopyFiles */,
			);
			buildRules = (
			);
			dependencies = (
			);
			name = "Fight Game (P3)";
			productName = "Fight Game (P3)";
			productReference = D649F89025A683A3008BE6E5 /* Fight Game (P3) */;
			productType = "com.apple.product-type.tool";
		};
/* End PBXNativeTarget section */

/* Begin PBXProject section */
		D649F88825A683A3008BE6E5 /* Project object */ = {
			isa = PBXProject;
			attributes = {
				LastSwiftUpdateCheck = 1230;
				LastUpgradeCheck = 1240;
				TargetAttributes = {
					D649F88F25A683A3008BE6E5 = {
						CreatedOnToolsVersion = 12.3;
					};
				};
			};
			buildConfigurationList = D649F88B25A683A3008BE6E5 /* Build configuration list for PBXProject "Fight Game (P3)" */;
			compatibilityVersion = "Xcode 9.3";
			developmentRegion = en;
			hasScannedForEncodings = 0;
			knownRegions = (
				en,
				Base,
			);
			mainGroup = D649F88725A683A3008BE6E5;
			productRefGroup = D649F89125A683A3008BE6E5 /* Products */;
			projectDirPath = "";
			projectRoot = "";
			targets = (
				D649F88F25A683A3008BE6E5 /* Fight Game (P3) */,
			);
		};
/* End PBXProject section */

/* Begin PBXSourcesBuildPhase section */
		D649F88C25A683A3008BE6E5 /* Sources */ = {
			isa = PBXSourcesBuildPhase;
			buildActionMask = 2147483647;
			files = (
				D6F292AA25A7653B00222D92 /* Player.swift in Sources */,
				D60CF09225B74A2300DC144E /* Game.swift in Sources */,
				D680EDA625AF168400810371 /* AssaultRifle.swift in Sources */,
				D6AFF8BA25ADC86B0090AD65 /* HandGun.swift in Sources */,
				D68A0FCC25DF164900FCB319 /* Sword.swift in Sources */,
				D68A0FC825DF139800FCB319 /* Pen.swift in Sources */,
				D6F292B025A76ADA00222D92 /* GameOver.swift in Sources */,
				D6AFF8C725ADD1D80090AD65 /* Sniper.swift in Sources */,
				D6AFF8B425ADC8380090AD65 /* SniperRifle.swift in Sources */,
				D6AFF8B725ADC8510090AD65 /* Knife.swift in Sources */,
				D639DFE125BCBB3A009CFABF /* Captain.swift in Sources */,
				D6AFF8CA25ADD1EA0090AD65 /* AssaultSoldier.swift in Sources */,
				D6F292B325A76D4700222D92 /* RandomBox.swift in Sources */,
				D649F89F25A685F0008BE6E5 /* Weapon.swift in Sources */,
				D639DFE725BCC187009CFABF /* Grenade.swift in Sources */,
				D680EDAB25AF18B000810371 /* ShotGun.swift in Sources */,
				D649F89425A683A3008BE6E5 /* main.swift in Sources */,
				D6AFF8C425ADD1C30090AD65 /* Medic.swift in Sources */,
				D68A0FCF25DF17C700FCB319 /* MobilePhone.swift in Sources */,
				D639DFE425BCBC28009CFABF /* Support.swift in Sources */,
				D649F89C25A683DD008BE6E5 /* Character.swift in Sources */,
			);
			runOnlyForDeploymentPostprocessing = 0;
		};
/* End PBXSourcesBuildPhase section */

/* Begin XCBuildConfiguration section */
		D649F89525A683A3008BE6E5 /* Debug */ = {
			isa = XCBuildConfiguration;
			buildSettings = {
				ALWAYS_SEARCH_USER_PATHS = NO;
				CLANG_ANALYZER_NONNULL = YES;
				CLANG_ANALYZER_NUMBER_OBJECT_CONVERSION = YES_AGGRESSIVE;
				CLANG_CXX_LANGUAGE_STANDARD = "gnu++14";
				CLANG_CXX_LIBRARY = "libc++";
				CLANG_ENABLE_MODULES = YES;
				CLANG_ENABLE_OBJC_ARC = YES;
				CLANG_ENABLE_OBJC_WEAK = YES;
				CLANG_WARN_BLOCK_CAPTURE_AUTORELEASING = YES;
				CLANG_WARN_BOOL_CONVERSION = YES;
				CLANG_WARN_COMMA = YES;
				CLANG_WARN_CONSTANT_CONVERSION = YES;
				CLANG_WARN_DEPRECATED_OBJC_IMPLEMENTATIONS = YES;
				CLANG_WARN_DIRECT_OBJC_ISA_USAGE = YES_ERROR;
				CLANG_WARN_DOCUMENTATION_COMMENTS = YES;
				CLANG_WARN_EMPTY_BODY = YES;
				CLANG_WARN_ENUM_CONVERSION = YES;
				CLANG_WARN_INFINITE_RECURSION = YES;
				CLANG_WARN_INT_CONVERSION = YES;
				CLANG_WARN_NON_LITERAL_NULL_CONVERSION = YES;
				CLANG_WARN_OBJC_IMPLICIT_RETAIN_SELF = YES;
				CLANG_WARN_OBJC_LITERAL_CONVERSION = YES;
				CLANG_WARN_OBJC_ROOT_CLASS = YES_ERROR;
				CLANG_WARN_QUOTED_INCLUDE_IN_FRAMEWORK_HEADER = YES;
				CLANG_WARN_RANGE_LOOP_ANALYSIS = YES;
				CLANG_WARN_STRICT_PROTOTYPES = YES;
				CLANG_WARN_SUSPICIOUS_MOVE = YES;
				CLANG_WARN_UNGUARDED_AVAILABILITY = YES_AGGRESSIVE;
				CLANG_WARN_UNREACHABLE_CODE = YES;
				CLANG_WARN__DUPLICATE_METHOD_MATCH = YES;
				COPY_PHASE_STRIP = NO;
				DEBUG_INFORMATION_FORMAT = dwarf;
				ENABLE_STRICT_OBJC_MSGSEND = YES;
				ENABLE_TESTABILITY = YES;
				GCC_C_LANGUAGE_STANDARD = gnu11;
				GCC_DYNAMIC_NO_PIC = NO;
				GCC_NO_COMMON_BLOCKS = YES;
				GCC_OPTIMIZATION_LEVEL = 0;
				GCC_PREPROCESSOR_DEFINITIONS = (
					"DEBUG=1",
					"$(inherited)",
				);
				GCC_WARN_64_TO_32_BIT_CONVERSION = YES;
				GCC_WARN_ABOUT_RETURN_TYPE = YES_ERROR;
				GCC_WARN_UNDECLARED_SELECTOR = YES;
				GCC_WARN_UNINITIALIZED_AUTOS = YES_AGGRESSIVE;
				GCC_WARN_UNUSED_FUNCTION = YES;
				GCC_WARN_UNUSED_VARIABLE = YES;
				MACOSX_DEPLOYMENT_TARGET = 11.1;
				MTL_ENABLE_DEBUG_INFO = INCLUDE_SOURCE;
				MTL_FAST_MATH = YES;
				ONLY_ACTIVE_ARCH = YES;
				SDKROOT = macosx;
				SWIFT_ACTIVE_COMPILATION_CONDITIONS = DEBUG;
				SWIFT_OPTIMIZATION_LEVEL = "-Onone";
			};
			name = Debug;
		};
		D649F89625A683A3008BE6E5 /* Release */ = {
			isa = XCBuildConfiguration;
			buildSettings = {
				ALWAYS_SEARCH_USER_PATHS = NO;
				CLANG_ANALYZER_NONNULL = YES;
				CLANG_ANALYZER_NUMBER_OBJECT_CONVERSION = YES_AGGRESSIVE;
				CLANG_CXX_LANGUAGE_STANDARD = "gnu++14";
				CLANG_CXX_LIBRARY = "libc++";
				CLANG_ENABLE_MODULES = YES;
				CLANG_ENABLE_OBJC_ARC = YES;
				CLANG_ENABLE_OBJC_WEAK = YES;
				CLANG_WARN_BLOCK_CAPTURE_AUTORELEASING = YES;
				CLANG_WARN_BOOL_CONVERSION = YES;
				CLANG_WARN_COMMA = YES;
				CLANG_WARN_CONSTANT_CONVERSION = YES;
				CLANG_WARN_DEPRECATED_OBJC_IMPLEMENTATIONS = YES;
				CLANG_WARN_DIRECT_OBJC_ISA_USAGE = YES_ERROR;
				CLANG_WARN_DOCUMENTATION_COMMENTS = YES;
				CLANG_WARN_EMPTY_BODY = YES;
				CLANG_WARN_ENUM_CONVERSION = YES;
				CLANG_WARN_INFINITE_RECURSION = YES;
				CLANG_WARN_INT_CONVERSION = YES;
				CLANG_WARN_NON_LITERAL_NULL_CONVERSION = YES;
				CLANG_WARN_OBJC_IMPLICIT_RETAIN_SELF = YES;
				CLANG_WARN_OBJC_LITERAL_CONVERSION = YES;
				CLANG_WARN_OBJC_ROOT_CLASS = YES_ERROR;
				CLANG_WARN_QUOTED_INCLUDE_IN_FRAMEWORK_HEADER = YES;
				CLANG_WARN_RANGE_LOOP_ANALYSIS = YES;
				CLANG_WARN_STRICT_PROTOTYPES = YES;
				CLANG_WARN_SUSPICIOUS_MOVE = YES;
				CLANG_WARN_UNGUARDED_AVAILABILITY = YES_AGGRESSIVE;
				CLANG_WARN_UNREACHABLE_CODE = YES;
				CLANG_WARN__DUPLICATE_METHOD_MATCH = YES;
				COPY_PHASE_STRIP = NO;
				DEBUG_INFORMATION_FORMAT = "dwarf-with-dsym";
				ENABLE_NS_ASSERTIONS = NO;
				ENABLE_STRICT_OBJC_MSGSEND = YES;
				GCC_C_LANGUAGE_STANDARD = gnu11;
				GCC_NO_COMMON_BLOCKS = YES;
				GCC_WARN_64_TO_32_BIT_CONVERSION = YES;
				GCC_WARN_ABOUT_RETURN_TYPE = YES_ERROR;
				GCC_WARN_UNDECLARED_SELECTOR = YES;
				GCC_WARN_UNINITIALIZED_AUTOS = YES_AGGRESSIVE;
				GCC_WARN_UNUSED_FUNCTION = YES;
				GCC_WARN_UNUSED_VARIABLE = YES;
				MACOSX_DEPLOYMENT_TARGET = 11.1;
				MTL_ENABLE_DEBUG_INFO = NO;
				MTL_FAST_MATH = YES;
				SDKROOT = macosx;
				SWIFT_COMPILATION_MODE = wholemodule;
				SWIFT_OPTIMIZATION_LEVEL = "-O";
			};
			name = Release;
		};
		D649F89825A683A3008BE6E5 /* Debug */ = {
			isa = XCBuildConfiguration;
			buildSettings = {
				CODE_SIGN_IDENTITY = "-";
				CODE_SIGN_STYLE = Automatic;
				DEVELOPMENT_TEAM = 87JBRRQS37;
				ENABLE_HARDENED_RUNTIME = YES;
				PRODUCT_NAME = "$(TARGET_NAME)";
				SWIFT_VERSION = 5.0;
			};
			name = Debug;
		};
		D649F89925A683A3008BE6E5 /* Release */ = {
			isa = XCBuildConfiguration;
			buildSettings = {
				CODE_SIGN_IDENTITY = "-";
				CODE_SIGN_STYLE = Automatic;
				DEVELOPMENT_TEAM = 87JBRRQS37;
				ENABLE_HARDENED_RUNTIME = YES;
				PRODUCT_NAME = "$(TARGET_NAME)";
				SWIFT_VERSION = 5.0;
			};
			name = Release;
		};
/* End XCBuildConfiguration section */

/* Begin XCConfigurationList section */
		D649F88B25A683A3008BE6E5 /* Build configuration list for PBXProject "Fight Game (P3)" */ = {
			isa = XCConfigurationList;
			buildConfigurations = (
				D649F89525A683A3008BE6E5 /* Debug */,
				D649F89625A683A3008BE6E5 /* Release */,
			);
			defaultConfigurationIsVisible = 0;
			defaultConfigurationName = Release;
		};
		D649F89725A683A3008BE6E5 /* Build configuration list for PBXNativeTarget "Fight Game (P3)" */ = {
			isa = XCConfigurationList;
			buildConfigurations = (
				D649F89825A683A3008BE6E5 /* Debug */,
				D649F89925A683A3008BE6E5 /* Release */,
			);
			defaultConfigurationIsVisible = 0;
			defaultConfigurationName = Release;
		};
/* End XCConfigurationList section */
	};
	rootObject = D649F88825A683A3008BE6E5 /* Project object */;
}
